
Microsoft Visual Studio Solution File, Format Version 12.00
# Visual Studio 15
VisualStudioVersion = 15.0.27130.2036
MinimumVisualStudioVersion = 10.0.40219.1
Project("{FAE04EC0-301F-11D3-BF4B-00C04F79EFBC}") = "TrTransactions", "TrTransactions\TrTransactions.csproj", "{614B99CE-020E-4423-BDEF-0F37FFF1CB57}"
EndProject
Project("{FAE04EC0-301F-11D3-BF4B-00C04F79EFBC}") = "TrTransactions.Data", "TrTransactions.Data\TrTransactions.Data.csproj", "{A9A0D305-8D09-41AF-B914-9C98923E9CC2}"
EndProject
Project("{FAE04EC0-301F-11D3-BF4B-00C04F79EFBC}") = "TrTransactions.Service", "TrTransactions.Service\TrTransactions.Service.csproj", "{114CE64D-81D7-4237-A4A0-1A6289DA54BF}"
EndProject
Global
	GlobalSection(SolutionConfigurationPlatforms) = preSolution
		Debug|Any CPU = Debug|Any CPU
		Release|Any CPU = Release|Any CPU
	EndGlobalSection
	GlobalSection(ProjectConfigurationPlatforms) = postSolution
		{614B99CE-020E-4423-BDEF-0F37FFF1CB57}.Debug|Any CPU.ActiveCfg = Debug|Any CPU
		{614B99CE-020E-4423-BDEF-0F37FFF1CB57}.Debug|Any CPU.Build.0 = Debug|Any CPU
		{614B99CE-020E-4423-BDEF-0F37FFF1CB57}.Release|Any CPU.ActiveCfg = Release|Any CPU
		{614B99CE-020E-4423-BDEF-0F37FFF1CB57}.Release|Any CPU.Build.0 = Release|Any CPU
		{A9A0D305-8D09-41AF-B914-9C98923E9CC2}.Debug|Any CPU.ActiveCfg = Debug|Any CPU
		{A9A0D305-8D09-41AF-B914-9C98923E9CC2}.Debug|Any CPU.Build.0 = Debug|Any CPU
		{A9A0D305-8D09-41AF-B914-9C98923E9CC2}.Release|Any CPU.ActiveCfg = Release|Any CPU
		{A9A0D305-8D09-41AF-B914-9C98923E9CC2}.Release|Any CPU.Build.0 = Release|Any CPU
		{114CE64D-81D7-4237-A4A0-1A6289DA54BF}.Debug|Any CPU.ActiveCfg = Debug|Any CPU
		{114CE64D-81D7-4237-A4A0-1A6289DA54BF}.Debug|Any CPU.Build.0 = Debug|Any CPU
		{114CE64D-81D7-4237-A4A0-1A6289DA54BF}.Release|Any CPU.ActiveCfg = Release|Any CPU
		{114CE64D-81D7-4237-A4A0-1A6289DA54BF}.Release|Any CPU.Build.0 = Release|Any CPU
	EndGlobalSection
	GlobalSection(SolutionProperties) = preSolution
		HideSolutionNode = FALSE
	EndGlobalSection
	GlobalSection(ExtensibilityGlobals) = postSolution
		SolutionGuid = {69EEEAF2-E04E-4D47-BAA8-B853EDB9E7BF}
	EndGlobalSection
EndGlobal
