
Microsoft Visual Studio Solution File, Format Version 12.00
# Visual Studio 15
VisualStudioVersion = 15.0.27130.2036
MinimumVisualStudioVersion = 10.0.40219.1
Project("{E53339B2-1760-4266-BCC7-CA923CBCF16C}") = "docker-compose", "docker-compose.dcproj", "{FF61F760-B246-45E3-9E82-82E2C8F644D3}"
EndProject
Project("{2150E333-8FDC-42A3-9474-1A3956D46DE8}") = "Transactions", "Transactions", "{F1712E1C-E869-49D5-A2C2-AB5B7C7005DA}"
EndProject
Project("{9A19103F-16F7-4668-BE54-9A1E7A4F7556}") = "TrTransactions", "TrTransactions\TrTransactions\TrTransactions.csproj", "{7A3D4B0F-6017-43D7-A8F4-565D1A50611A}"
EndProject
Project("{9A19103F-16F7-4668-BE54-9A1E7A4F7556}") = "TrTransactions.Data", "TrTransactions\TrTransactions.Data\TrTransactions.Data.csproj", "{A7288B8F-B8BC-451C-B445-DDEBF0CF83FE}"
EndProject
Project("{9A19103F-16F7-4668-BE54-9A1E7A4F7556}") = "TrTransactions.Service", "TrTransactions\TrTransactions.Service\TrTransactions.Service.csproj", "{C3496EC4-4A85-4F8E-8477-68510F32E9C0}"
EndProject
Project("{2150E333-8FDC-42A3-9474-1A3956D46DE8}") = "Deals", "Deals", "{B310CF6B-BDA7-4C8D-B265-9515D3482B46}"
EndProject
Project("{9A19103F-16F7-4668-BE54-9A1E7A4F7556}") = "TrDeals", "TrDeals\TrDeals\TrDeals.csproj", "{1A95469D-88D7-447F-BD69-0A6D4BE65101}"
EndProject
Project("{9A19103F-16F7-4668-BE54-9A1E7A4F7556}") = "TrDeals.Service", "TrDeals\TrDeals.Service\TrDeals.Service.csproj", "{F2D842FD-69D5-450E-AF07-19DFB6741232}"
EndProject
Project("{9A19103F-16F7-4668-BE54-9A1E7A4F7556}") = "TrDeals.Data", "TrDeals\TrDeals.Data\TrDeals.Data.csproj", "{91423D5A-3FF4-4F2A-8E67-F3E76A8437FE}"
EndProject
Project("{2150E333-8FDC-42A3-9474-1A3956D46DE8}") = "SharedServices", "SharedServices", "{39FDBE58-A528-416E-8C2F-89D9750A6454}"
EndProject
Project("{9A19103F-16F7-4668-BE54-9A1E7A4F7556}") = "TrModels", "SharedServices\TrModels\TrModels.csproj", "{AC510714-38B4-4086-8CC0-66F74A3EF9A9}"
EndProject
Project("{2150E333-8FDC-42A3-9474-1A3956D46DE8}") = "Currencies", "Currencies", "{133CB0D5-07C5-4F2E-AD8B-BAE4FF3DF7C1}"
EndProject
Project("{9A19103F-16F7-4668-BE54-9A1E7A4F7556}") = "TrCurrencies", "TrCurrencies\TrCurrencies\TrCurrencies.csproj", "{260A4571-F2CB-4B4A-8025-0B35F3A2AB2E}"
EndProject
Project("{9A19103F-16F7-4668-BE54-9A1E7A4F7556}") = "TrCurrencies.Service", "TrCurrencies\TrCurrencies.Service\TrCurrencies.Service.csproj", "{F5BB3CE5-CEA8-4095-97F7-16A207226D03}"
EndProject
Project("{9A19103F-16F7-4668-BE54-9A1E7A4F7556}") = "TrCurrencies.Data", "TrCurrencies\TrCurrencies.Data\TrCurrencies.Data.csproj", "{B43EE5BE-C684-416E-8A2B-1B1F06F6A5E9}"
EndProject
Project("{9A19103F-16F7-4668-BE54-9A1E7A4F7556}") = "TrCurrencyClient", "SharedServices\TrCurrencyClient\TrCurrencyClient.csproj", "{B73A77BD-90BC-41EF-845B-DB5A3E2A5D5E}"
EndProject
Project("{FAE04EC0-301F-11D3-BF4B-00C04F79EFBC}") = "TrTransactionClient", "SharedServices\TrTransactionClient\TrTransactionClient.csproj", "{B6501D24-F12C-4BA4-AE2B-D3B03D65FD5F}"
EndProject
Project("{FAE04EC0-301F-11D3-BF4B-00C04F79EFBC}") = "TrOperations", "SharedServices\TrOperations\TrOperations.csproj", "{37A0A130-252F-49A0-A6D8-6C721E6DBDCF}"
EndProject
Global
	GlobalSection(SolutionConfigurationPlatforms) = preSolution
		Debug|Any CPU = Debug|Any CPU
		Release|Any CPU = Release|Any CPU
	EndGlobalSection
	GlobalSection(ProjectConfigurationPlatforms) = postSolution
		{FF61F760-B246-45E3-9E82-82E2C8F644D3}.Debug|Any CPU.ActiveCfg = Debug|Any CPU
		{FF61F760-B246-45E3-9E82-82E2C8F644D3}.Debug|Any CPU.Build.0 = Debug|Any CPU
		{FF61F760-B246-45E3-9E82-82E2C8F644D3}.Release|Any CPU.ActiveCfg = Release|Any CPU
		{FF61F760-B246-45E3-9E82-82E2C8F644D3}.Release|Any CPU.Build.0 = Release|Any CPU
		{7A3D4B0F-6017-43D7-A8F4-565D1A50611A}.Debug|Any CPU.ActiveCfg = Debug|Any CPU
		{7A3D4B0F-6017-43D7-A8F4-565D1A50611A}.Debug|Any CPU.Build.0 = Debug|Any CPU
		{7A3D4B0F-6017-43D7-A8F4-565D1A50611A}.Release|Any CPU.ActiveCfg = Release|Any CPU
		{7A3D4B0F-6017-43D7-A8F4-565D1A50611A}.Release|Any CPU.Build.0 = Release|Any CPU
		{A7288B8F-B8BC-451C-B445-DDEBF0CF83FE}.Debug|Any CPU.ActiveCfg = Debug|Any CPU
		{A7288B8F-B8BC-451C-B445-DDEBF0CF83FE}.Debug|Any CPU.Build.0 = Debug|Any CPU
		{A7288B8F-B8BC-451C-B445-DDEBF0CF83FE}.Release|Any CPU.ActiveCfg = Release|Any CPU
		{A7288B8F-B8BC-451C-B445-DDEBF0CF83FE}.Release|Any CPU.Build.0 = Release|Any CPU
		{C3496EC4-4A85-4F8E-8477-68510F32E9C0}.Debug|Any CPU.ActiveCfg = Debug|Any CPU
		{C3496EC4-4A85-4F8E-8477-68510F32E9C0}.Debug|Any CPU.Build.0 = Debug|Any CPU
		{C3496EC4-4A85-4F8E-8477-68510F32E9C0}.Release|Any CPU.ActiveCfg = Release|Any CPU
		{C3496EC4-4A85-4F8E-8477-68510F32E9C0}.Release|Any CPU.Build.0 = Release|Any CPU
		{1A95469D-88D7-447F-BD69-0A6D4BE65101}.Debug|Any CPU.ActiveCfg = Debug|Any CPU
		{1A95469D-88D7-447F-BD69-0A6D4BE65101}.Debug|Any CPU.Build.0 = Debug|Any CPU
		{1A95469D-88D7-447F-BD69-0A6D4BE65101}.Release|Any CPU.ActiveCfg = Release|Any CPU
		{1A95469D-88D7-447F-BD69-0A6D4BE65101}.Release|Any CPU.Build.0 = Release|Any CPU
		{F2D842FD-69D5-450E-AF07-19DFB6741232}.Debug|Any CPU.ActiveCfg = Debug|Any CPU
		{F2D842FD-69D5-450E-AF07-19DFB6741232}.Debug|Any CPU.Build.0 = Debug|Any CPU
		{F2D842FD-69D5-450E-AF07-19DFB6741232}.Release|Any CPU.ActiveCfg = Release|Any CPU
		{F2D842FD-69D5-450E-AF07-19DFB6741232}.Release|Any CPU.Build.0 = Release|Any CPU
		{91423D5A-3FF4-4F2A-8E67-F3E76A8437FE}.Debug|Any CPU.ActiveCfg = Debug|Any CPU
		{91423D5A-3FF4-4F2A-8E67-F3E76A8437FE}.Debug|Any CPU.Build.0 = Debug|Any CPU
		{91423D5A-3FF4-4F2A-8E67-F3E76A8437FE}.Release|Any CPU.ActiveCfg = Release|Any CPU
		{91423D5A-3FF4-4F2A-8E67-F3E76A8437FE}.Release|Any CPU.Build.0 = Release|Any CPU
		{AC510714-38B4-4086-8CC0-66F74A3EF9A9}.Debug|Any CPU.ActiveCfg = Debug|Any CPU
		{AC510714-38B4-4086-8CC0-66F74A3EF9A9}.Debug|Any CPU.Build.0 = Debug|Any CPU
		{AC510714-38B4-4086-8CC0-66F74A3EF9A9}.Release|Any CPU.ActiveCfg = Release|Any CPU
		{AC510714-38B4-4086-8CC0-66F74A3EF9A9}.Release|Any CPU.Build.0 = Release|Any CPU
		{260A4571-F2CB-4B4A-8025-0B35F3A2AB2E}.Debug|Any CPU.ActiveCfg = Debug|Any CPU
		{260A4571-F2CB-4B4A-8025-0B35F3A2AB2E}.Debug|Any CPU.Build.0 = Debug|Any CPU
		{260A4571-F2CB-4B4A-8025-0B35F3A2AB2E}.Release|Any CPU.ActiveCfg = Release|Any CPU
		{260A4571-F2CB-4B4A-8025-0B35F3A2AB2E}.Release|Any CPU.Build.0 = Release|Any CPU
		{F5BB3CE5-CEA8-4095-97F7-16A207226D03}.Debug|Any CPU.ActiveCfg = Debug|Any CPU
		{F5BB3CE5-CEA8-4095-97F7-16A207226D03}.Debug|Any CPU.Build.0 = Debug|Any CPU
		{F5BB3CE5-CEA8-4095-97F7-16A207226D03}.Release|Any CPU.ActiveCfg = Release|Any CPU
		{F5BB3CE5-CEA8-4095-97F7-16A207226D03}.Release|Any CPU.Build.0 = Release|Any CPU
		{B43EE5BE-C684-416E-8A2B-1B1F06F6A5E9}.Debug|Any CPU.ActiveCfg = Debug|Any CPU
		{B43EE5BE-C684-416E-8A2B-1B1F06F6A5E9}.Debug|Any CPU.Build.0 = Debug|Any CPU
		{B43EE5BE-C684-416E-8A2B-1B1F06F6A5E9}.Release|Any CPU.ActiveCfg = Release|Any CPU
		{B43EE5BE-C684-416E-8A2B-1B1F06F6A5E9}.Release|Any CPU.Build.0 = Release|Any CPU
		{B73A77BD-90BC-41EF-845B-DB5A3E2A5D5E}.Debug|Any CPU.ActiveCfg = Debug|Any CPU
		{B73A77BD-90BC-41EF-845B-DB5A3E2A5D5E}.Debug|Any CPU.Build.0 = Debug|Any CPU
		{B73A77BD-90BC-41EF-845B-DB5A3E2A5D5E}.Release|Any CPU.ActiveCfg = Release|Any CPU
		{B73A77BD-90BC-41EF-845B-DB5A3E2A5D5E}.Release|Any CPU.Build.0 = Release|Any CPU
		{B6501D24-F12C-4BA4-AE2B-D3B03D65FD5F}.Debug|Any CPU.ActiveCfg = Debug|Any CPU
		{B6501D24-F12C-4BA4-AE2B-D3B03D65FD5F}.Debug|Any CPU.Build.0 = Debug|Any CPU
		{B6501D24-F12C-4BA4-AE2B-D3B03D65FD5F}.Release|Any CPU.ActiveCfg = Release|Any CPU
		{B6501D24-F12C-4BA4-AE2B-D3B03D65FD5F}.Release|Any CPU.Build.0 = Release|Any CPU
		{37A0A130-252F-49A0-A6D8-6C721E6DBDCF}.Debug|Any CPU.ActiveCfg = Debug|Any CPU
		{37A0A130-252F-49A0-A6D8-6C721E6DBDCF}.Debug|Any CPU.Build.0 = Debug|Any CPU
		{37A0A130-252F-49A0-A6D8-6C721E6DBDCF}.Release|Any CPU.ActiveCfg = Release|Any CPU
		{37A0A130-252F-49A0-A6D8-6C721E6DBDCF}.Release|Any CPU.Build.0 = Release|Any CPU
	EndGlobalSection
	GlobalSection(SolutionProperties) = preSolution
		HideSolutionNode = FALSE
	EndGlobalSection
	GlobalSection(NestedProjects) = preSolution
		{7A3D4B0F-6017-43D7-A8F4-565D1A50611A} = {F1712E1C-E869-49D5-A2C2-AB5B7C7005DA}
		{A7288B8F-B8BC-451C-B445-DDEBF0CF83FE} = {F1712E1C-E869-49D5-A2C2-AB5B7C7005DA}
		{C3496EC4-4A85-4F8E-8477-68510F32E9C0} = {F1712E1C-E869-49D5-A2C2-AB5B7C7005DA}
		{1A95469D-88D7-447F-BD69-0A6D4BE65101} = {B310CF6B-BDA7-4C8D-B265-9515D3482B46}
		{F2D842FD-69D5-450E-AF07-19DFB6741232} = {B310CF6B-BDA7-4C8D-B265-9515D3482B46}
		{91423D5A-3FF4-4F2A-8E67-F3E76A8437FE} = {B310CF6B-BDA7-4C8D-B265-9515D3482B46}
		{AC510714-38B4-4086-8CC0-66F74A3EF9A9} = {39FDBE58-A528-416E-8C2F-89D9750A6454}
		{260A4571-F2CB-4B4A-8025-0B35F3A2AB2E} = {133CB0D5-07C5-4F2E-AD8B-BAE4FF3DF7C1}
		{F5BB3CE5-CEA8-4095-97F7-16A207226D03} = {133CB0D5-07C5-4F2E-AD8B-BAE4FF3DF7C1}
		{B43EE5BE-C684-416E-8A2B-1B1F06F6A5E9} = {133CB0D5-07C5-4F2E-AD8B-BAE4FF3DF7C1}
		{B73A77BD-90BC-41EF-845B-DB5A3E2A5D5E} = {39FDBE58-A528-416E-8C2F-89D9750A6454}
		{B6501D24-F12C-4BA4-AE2B-D3B03D65FD5F} = {39FDBE58-A528-416E-8C2F-89D9750A6454}
		{37A0A130-252F-49A0-A6D8-6C721E6DBDCF} = {39FDBE58-A528-416E-8C2F-89D9750A6454}
	EndGlobalSection
	GlobalSection(ExtensibilityGlobals) = postSolution
		SolutionGuid = {B13BA413-9E64-419A-8F9D-0E9AC0948BC6}
	EndGlobalSection
EndGlobal
